# THIS IS AN AUTOGENERATED FILE. DO NOT EDIT THIS FILE DIRECTLY.
# yarn lockfile v1


"@iconify/react@^4.1.0":
  version "4.1.0"
  resolved "https://registry.yarnpkg.com/@iconify/react/-/react-4.1.0.tgz#5ea86acae6e209a2f5b1b52922ab85d0d22f9b45"
  integrity sha512-Mf72i3TNNKpKCKxmo7kzqyrUdCgaoljpqtWmtqpqwyxoV4ukhnDsSRNLhf2yBnqGr3cVZsdj/i0FMpXIY0Qk0g==
  dependencies:
    "@iconify/types" "^2.0.0"

"@iconify/types@^2.0.0":
  version "2.0.0"
  resolved "https://registry.yarnpkg.com/@iconify/types/-/types-2.0.0.tgz#ab0e9ea681d6c8a1214f30cd741fe3a20cc57f57"
  integrity sha512-+wluvCrRhXrhyOmRDJ3q8mux9JkKy5SJ/v8ol2tu4FVjyYvtEzkc/3pK15ET6RKg4b4w4BmTk1+gsCUhf21Ykg==
